
Microsoft Visual Studio Solution File, Format Version 12.00
# Visual Studio Version 16
VisualStudioVersion = 16.0.33214.272
MinimumVisualStudioVersion = 10.0.40219.1
Project("{FAE04EC0-301F-11D3-BF4B-00C04F79EFBC}") = "TP1Navire", "TP1Navire\TP1Navire.csproj", "{8506AFF6-3E81-4BC3-9677-7E6333BE5848}"
EndProject
Global
	GlobalSection(SolutionConfigurationPlatforms) = preSolution
		Debug|Any CPU = Debug|Any CPU
		Release|Any CPU = Release|Any CPU
	EndGlobalSection
	GlobalSection(ProjectConfigurationPlatforms) = postSolution
		{8506AFF6-3E81-4BC3-9677-7E6333BE5848}.Debug|Any CPU.ActiveCfg = Debug|Any CPU
		{8506AFF6-3E81-4BC3-9677-7E6333BE5848}.Debug|Any CPU.Build.0 = Debug|Any CPU
		{8506AFF6-3E81-4BC3-9677-7E6333BE5848}.Release|Any CPU.ActiveCfg = Release|Any CPU
		{8506AFF6-3E81-4BC3-9677-7E6333BE5848}.Release|Any CPU.Build.0 = Release|Any CPU
	EndGlobalSection
	GlobalSection(SolutionProperties) = preSolution
		HideSolutionNode = FALSE
	EndGlobalSection
	GlobalSection(ExtensibilityGlobals) = postSolution
		SolutionGuid = {C4D366BE-E2F1-4FB6-9228-6084AA144FDA}
	EndGlobalSection
EndGlobal
